
Microsoft Visual Studio Solution File, Format Version 12.00
# Visual Studio Version 16
VisualStudioVersion = 16.0.32802.440
MinimumVisualStudioVersion = 10.0.40219.1
Project("{FAE04EC0-301F-11D3-BF4B-00C04F79EFBC}") = "Game_mini", "Game_mini\Game_mini.csproj", "{FD49B280-4348-42B0-9209-B37A42A6FF94}"
EndProject
Global
	GlobalSection(SolutionConfigurationPlatforms) = preSolution
		Debug|Any CPU = Debug|Any CPU
		Release|Any CPU = Release|Any CPU
	EndGlobalSection
	GlobalSection(ProjectConfigurationPlatforms) = postSolution
		{FD49B280-4348-42B0-9209-B37A42A6FF94}.Debug|Any CPU.ActiveCfg = Debug|Any CPU
		{FD49B280-4348-42B0-9209-B37A42A6FF94}.Debug|Any CPU.Build.0 = Debug|Any CPU
		{FD49B280-4348-42B0-9209-B37A42A6FF94}.Release|Any CPU.ActiveCfg = Release|Any CPU
		{FD49B280-4348-42B0-9209-B37A42A6FF94}.Release|Any CPU.Build.0 = Release|Any CPU
	EndGlobalSection
	GlobalSection(SolutionProperties) = preSolution
		HideSolutionNode = FALSE
	EndGlobalSection
	GlobalSection(ExtensibilityGlobals) = postSolution
		SolutionGuid = {604EA299-5740-41E9-8F40-5C6210BD794B}
	EndGlobalSection
EndGlobal
